
Microsoft Visual Studio Solution File, Format Version 12.00
# Visual Studio 15
VisualStudioVersion = 15.0.28307.136
MinimumVisualStudioVersion = 10.0.40219.1
Project("{FAE04EC0-301F-11D3-BF4B-00C04F79EFBC}") = "DroidServiceTest.Core", "DroidServiceTest.Core\DroidServiceTest.Core.csproj", "{FFAA7F63-2C6B-4D11-A421-A5A6237B9D2A}"
EndProject
Project("{FAE04EC0-301F-11D3-BF4B-00C04F79EFBC}") = "DroidStarter.Droid", "DroidStarter.Droid\DroidStarter.Droid.csproj", "{A6012FBC-8FE9-42A9-971B-5C97B9F04FFF}"
EndProject
Project("{FAE04EC0-301F-11D3-BF4B-00C04F79EFBC}") = "ServiceTest.Droid", "ServiceTest.Droid\ServiceTest.Droid.csproj", "{F120ECA4-1416-4785-87F2-258554756B7C}"
EndProject
Global
	GlobalSection(SolutionConfigurationPlatforms) = preSolution
		Debug|Any CPU = Debug|Any CPU
		Release|Any CPU = Release|Any CPU
	EndGlobalSection
	GlobalSection(ProjectConfigurationPlatforms) = postSolution
		{FFAA7F63-2C6B-4D11-A421-A5A6237B9D2A}.Debug|Any CPU.ActiveCfg = Debug|Any CPU
		{FFAA7F63-2C6B-4D11-A421-A5A6237B9D2A}.Debug|Any CPU.Build.0 = Debug|Any CPU
		{FFAA7F63-2C6B-4D11-A421-A5A6237B9D2A}.Release|Any CPU.ActiveCfg = Release|Any CPU
		{FFAA7F63-2C6B-4D11-A421-A5A6237B9D2A}.Release|Any CPU.Build.0 = Release|Any CPU
		{A6012FBC-8FE9-42A9-971B-5C97B9F04FFF}.Debug|Any CPU.ActiveCfg = Debug|Any CPU
		{A6012FBC-8FE9-42A9-971B-5C97B9F04FFF}.Debug|Any CPU.Build.0 = Debug|Any CPU
		{A6012FBC-8FE9-42A9-971B-5C97B9F04FFF}.Debug|Any CPU.Deploy.0 = Debug|Any CPU
		{A6012FBC-8FE9-42A9-971B-5C97B9F04FFF}.Release|Any CPU.ActiveCfg = Release|Any CPU
		{A6012FBC-8FE9-42A9-971B-5C97B9F04FFF}.Release|Any CPU.Build.0 = Release|Any CPU
		{A6012FBC-8FE9-42A9-971B-5C97B9F04FFF}.Release|Any CPU.Deploy.0 = Release|Any CPU
		{F120ECA4-1416-4785-87F2-258554756B7C}.Debug|Any CPU.ActiveCfg = Debug|Any CPU
		{F120ECA4-1416-4785-87F2-258554756B7C}.Debug|Any CPU.Build.0 = Debug|Any CPU
		{F120ECA4-1416-4785-87F2-258554756B7C}.Debug|Any CPU.Deploy.0 = Debug|Any CPU
		{F120ECA4-1416-4785-87F2-258554756B7C}.Release|Any CPU.ActiveCfg = Release|Any CPU
		{F120ECA4-1416-4785-87F2-258554756B7C}.Release|Any CPU.Build.0 = Release|Any CPU
		{F120ECA4-1416-4785-87F2-258554756B7C}.Release|Any CPU.Deploy.0 = Release|Any CPU
	EndGlobalSection
	GlobalSection(SolutionProperties) = preSolution
		HideSolutionNode = FALSE
	EndGlobalSection
	GlobalSection(ExtensibilityGlobals) = postSolution
		SolutionGuid = {586CA54E-C391-46A7-8436-B471AECB865C}
	EndGlobalSection
EndGlobal
